
Microsoft Visual Studio Solution File, Format Version 12.00
# Visual Studio Version 16
VisualStudioVersion = 16.0.29123.88
MinimumVisualStudioVersion = 10.0.40219.1
Project("{FAE04EC0-301F-11D3-BF4B-00C04F79EFBC}") = "Mars", "Mars\Mars.csproj", "{C29411D8-B31B-4848-83E2-FD39FE66875B}"
EndProject
Project("{FAE04EC0-301F-11D3-BF4B-00C04F79EFBC}") = "RobotMoving", "RobotMoving\RobotMoving.csproj", "{CDBBF383-60B6-46DB-A368-2A6A466690E1}"
EndProject
Global
	GlobalSection(SolutionConfigurationPlatforms) = preSolution
		Debug|Any CPU = Debug|Any CPU
		Release|Any CPU = Release|Any CPU
	EndGlobalSection
	GlobalSection(ProjectConfigurationPlatforms) = postSolution
		{C29411D8-B31B-4848-83E2-FD39FE66875B}.Debug|Any CPU.ActiveCfg = Debug|Any CPU
		{C29411D8-B31B-4848-83E2-FD39FE66875B}.Debug|Any CPU.Build.0 = Debug|Any CPU
		{C29411D8-B31B-4848-83E2-FD39FE66875B}.Release|Any CPU.ActiveCfg = Release|Any CPU
		{C29411D8-B31B-4848-83E2-FD39FE66875B}.Release|Any CPU.Build.0 = Release|Any CPU
		{CDBBF383-60B6-46DB-A368-2A6A466690E1}.Debug|Any CPU.ActiveCfg = Debug|Any CPU
		{CDBBF383-60B6-46DB-A368-2A6A466690E1}.Debug|Any CPU.Build.0 = Debug|Any CPU
		{CDBBF383-60B6-46DB-A368-2A6A466690E1}.Release|Any CPU.ActiveCfg = Release|Any CPU
		{CDBBF383-60B6-46DB-A368-2A6A466690E1}.Release|Any CPU.Build.0 = Release|Any CPU
	EndGlobalSection
	GlobalSection(SolutionProperties) = preSolution
		HideSolutionNode = FALSE
	EndGlobalSection
	GlobalSection(ExtensibilityGlobals) = postSolution
		SolutionGuid = {D1670AE2-1EE4-4B1D-9142-D7D2F0A9C5CB}
	EndGlobalSection
EndGlobal
